// !$*UTF8*$!
{
	archiveVersion = 1;
	classes = {
	};
	objectVersion = 50;
	objects = {

/* Begin PBXBuildFile section */
		BA69CF63218634E5002DECA1 /* BedNode.swift in Sources */ = {isa = PBXBuildFile; fileRef = BA69CF62218634E5002DECA1 /* BedNode.swift */; };
		BA88CD8F2163FECE00200191 /* AppDelegate.swift in Sources */ = {isa = PBXBuildFile; fileRef = BA88CD8E2163FECE00200191 /* AppDelegate.swift */; };
		BA88CD912163FECE00200191 /* GameScene.sks in Resources */ = {isa = PBXBuildFile; fileRef = BA88CD902163FECE00200191 /* GameScene.sks */; };
		BA88CD932163FECE00200191 /* Actions.sks in Resources */ = {isa = PBXBuildFile; fileRef = BA88CD922163FECE00200191 /* Actions.sks */; };
		BA88CD952163FECE00200191 /* GameScene.swift in Sources */ = {isa = PBXBuildFile; fileRef = BA88CD942163FECE00200191 /* GameScene.swift */; };
		BA88CD972163FECE00200191 /* GameViewController.swift in Sources */ = {isa = PBXBuildFile; fileRef = BA88CD962163FECE00200191 /* GameViewController.swift */; };
		BA88CD9A2163FECE00200191 /* Main.storyboard in Resources */ = {isa = PBXBuildFile; fileRef = BA88CD982163FECE00200191 /* Main.storyboard */; };
		BA88CD9C2163FECF00200191 /* Assets.xcassets in Resources */ = {isa = PBXBuildFile; fileRef = BA88CD9B2163FECF00200191 /* Assets.xcassets */; };
		BA88CD9F2163FECF00200191 /* LaunchScreen.storyboard in Resources */ = {isa = PBXBuildFile; fileRef = BA88CD9D2163FECF00200191 /* LaunchScreen.storyboard */; };
		BA88CDB62164062800200191 /* mrreow.mp3 in Resources */ = {isa = PBXBuildFile; fileRef = BA88CDB12164062800200191 /* mrreow.mp3 */; };
		BA88CDB72164062800200191 /* pop.mp3 in Resources */ = {isa = PBXBuildFile; fileRef = BA88CDB22164062800200191 /* pop.mp3 */; };
		BA88CDB82164062800200191 /* win.mp3 in Resources */ = {isa = PBXBuildFile; fileRef = BA88CDB32164062800200191 /* win.mp3 */; };
		BA88CDB92164062800200191 /* lose.mp3 in Resources */ = {isa = PBXBuildFile; fileRef = BA88CDB42164062800200191 /* lose.mp3 */; };
		BA88CDBA2164062800200191 /* backgroundMusic.mp3 in Resources */ = {isa = PBXBuildFile; fileRef = BA88CDB52164062800200191 /* backgroundMusic.mp3 */; };
		BA88CDBD2164137A00200191 /* Cat.sks in Resources */ = {isa = PBXBuildFile; fileRef = BA88CDBC2164137A00200191 /* Cat.sks */; };
		BA88CDBF21642A4900200191 /* CatCurl.sks in Resources */ = {isa = PBXBuildFile; fileRef = BA88CDBE21642A4900200191 /* CatCurl.sks */; };
		BA88CDC121642B7A00200191 /* CatWakeUp.sks in Resources */ = {isa = PBXBuildFile; fileRef = BA88CDC021642B7A00200191 /* CatWakeUp.sks */; };
/* End PBXBuildFile section */

/* Begin PBXFileReference section */
		BA69CF62218634E5002DECA1 /* BedNode.swift */ = {isa = PBXFileReference; lastKnownFileType = sourcecode.swift; path = BedNode.swift; sourceTree = "<group>"; };
		BA88CD8B2163FECE00200191 /* CatNap.app */ = {isa = PBXFileReference; explicitFileType = wrapper.application; includeInIndex = 0; path = CatNap.app; sourceTree = BUILT_PRODUCTS_DIR; };
		BA88CD8E2163FECE00200191 /* AppDelegate.swift */ = {isa = PBXFileReference; lastKnownFileType = sourcecode.swift; path = AppDelegate.swift; sourceTree = "<group>"; };
		BA88CD902163FECE00200191 /* GameScene.sks */ = {isa = PBXFileReference; lastKnownFileType = file.sks; path = GameScene.sks; sourceTree = "<group>"; };
		BA88CD922163FECE00200191 /* Actions.sks */ = {isa = PBXFileReference; lastKnownFileType = file.sks; path = Actions.sks; sourceTree = "<group>"; };
		BA88CD942163FECE00200191 /* GameScene.swift */ = {isa = PBXFileReference; lastKnownFileType = sourcecode.swift; path = GameScene.swift; sourceTree = "<group>"; };
		BA88CD962163FECE00200191 /* GameViewController.swift */ = {isa = PBXFileReference; lastKnownFileType = sourcecode.swift; path = GameViewController.swift; sourceTree = "<group>"; };
		BA88CD992163FECE00200191 /* Base */ = {isa = PBXFileReference; lastKnownFileType = file.storyboard; name = Base; path = Base.lproj/Main.storyboard; sourceTree = "<group>"; };
		BA88CD9B2163FECF00200191 /* Assets.xcassets */ = {isa = PBXFileReference; lastKnownFileType = folder.assetcatalog; path = Assets.xcassets; sourceTree = "<group>"; };
		BA88CD9E2163FECF00200191 /* Base */ = {isa = PBXFileReference; lastKnownFileType = file.storyboard; name = Base; path = Base.lproj/LaunchScreen.storyboard; sourceTree = "<group>"; };
		BA88CDA02163FECF00200191 /* Info.plist */ = {isa = PBXFileReference; lastKnownFileType = text.plist.xml; path = Info.plist; sourceTree = "<group>"; };
		BA88CDB12164062800200191 /* mrreow.mp3 */ = {isa = PBXFileReference; lastKnownFileType = audio.mp3; path = mrreow.mp3; sourceTree = "<group>"; };
		BA88CDB22164062800200191 /* pop.mp3 */ = {isa = PBXFileReference; lastKnownFileType = audio.mp3; path = pop.mp3; sourceTree = "<group>"; };
		BA88CDB32164062800200191 /* win.mp3 */ = {isa = PBXFileReference; lastKnownFileType = audio.mp3; path = win.mp3; sourceTree = "<group>"; };
		BA88CDB42164062800200191 /* lose.mp3 */ = {isa = PBXFileReference; lastKnownFileType = audio.mp3; path = lose.mp3; sourceTree = "<group>"; };
		BA88CDB52164062800200191 /* backgroundMusic.mp3 */ = {isa = PBXFileReference; lastKnownFileType = audio.mp3; path = backgroundMusic.mp3; sourceTree = "<group>"; };
		BA88CDBC2164137A00200191 /* Cat.sks */ = {isa = PBXFileReference; lastKnownFileType = file.sks; path = Cat.sks; sourceTree = "<group>"; };
		BA88CDBE21642A4900200191 /* CatCurl.sks */ = {isa = PBXFileReference; lastKnownFileType = file.sks; path = CatCurl.sks; sourceTree = "<group>"; };
		BA88CDC021642B7A00200191 /* CatWakeUp.sks */ = {isa = PBXFileReference; lastKnownFileType = file.sks; path = CatWakeUp.sks; sourceTree = "<group>"; };
/* End PBXFileReference section */

/* Begin PBXFrameworksBuildPhase section */
		BA88CD882163FECE00200191 /* Frameworks */ = {
			isa = PBXFrameworksBuildPhase;
			buildActionMask = 2147483647;
			files = (
			);
			runOnlyForDeploymentPostprocessing = 0;
		};
/* End PBXFrameworksBuildPhase section */

/* Begin PBXGroup section */
		BA88CD822163FECD00200191 = {
			isa = PBXGroup;
			children = (
				BA88CD8D2163FECE00200191 /* CatNap */,
				BA88CD8C2163FECE00200191 /* Products */,
			);
			sourceTree = "<group>";
		};
		BA88CD8C2163FECE00200191 /* Products */ = {
			isa = PBXGroup;
			children = (
				BA88CD8B2163FECE00200191 /* CatNap.app */,
			);
			name = Products;
			sourceTree = "<group>";
		};
		BA88CD8D2163FECE00200191 /* CatNap */ = {
			isa = PBXGroup;
			children = (
				BA88CDBB2164132000200191 /* Scenes */,
				BA88CDB02164062800200191 /* Sounds */,
				BA88CD8E2163FECE00200191 /* AppDelegate.swift */,
				BA88CD922163FECE00200191 /* Actions.sks */,
				BA88CD942163FECE00200191 /* GameScene.swift */,
				BA69CF62218634E5002DECA1 /* BedNode.swift */,
				BA88CD962163FECE00200191 /* GameViewController.swift */,
				BA88CD982163FECE00200191 /* Main.storyboard */,
				BA88CD9B2163FECF00200191 /* Assets.xcassets */,
				BA88CD9D2163FECF00200191 /* LaunchScreen.storyboard */,
				BA88CDA02163FECF00200191 /* Info.plist */,
			);
			path = CatNap;
			sourceTree = "<group>";
		};
		BA88CDB02164062800200191 /* Sounds */ = {
			isa = PBXGroup;
			children = (
				BA88CDB12164062800200191 /* mrreow.mp3 */,
				BA88CDB22164062800200191 /* pop.mp3 */,
				BA88CDB32164062800200191 /* win.mp3 */,
				BA88CDB42164062800200191 /* lose.mp3 */,
				BA88CDB52164062800200191 /* backgroundMusic.mp3 */,
			);
			path = Sounds;
			sourceTree = "<group>";
		};
		BA88CDBB2164132000200191 /* Scenes */ = {
			isa = PBXGroup;
			children = (
				BA88CD902163FECE00200191 /* GameScene.sks */,
				BA88CDBC2164137A00200191 /* Cat.sks */,
				BA88CDBE21642A4900200191 /* CatCurl.sks */,
				BA88CDC021642B7A00200191 /* CatWakeUp.sks */,
			);
			path = Scenes;
			sourceTree = "<group>";
		};
/* End PBXGroup section */

/* Begin PBXNativeTarget section */
		BA88CD8A2163FECE00200191 /* CatNap */ = {
			isa = PBXNativeTarget;
			buildConfigurationList = BA88CDA32163FECF00200191 /* Build configuration list for PBXNativeTarget "CatNap" */;
			buildPhases = (
				BA88CD872163FECE00200191 /* Sources */,
				BA88CD882163FECE00200191 /* Frameworks */,
				BA88CD892163FECE00200191 /* Resources */,
			);
			buildRules = (
			);
			dependencies = (
			);
			name = CatNap;
			productName = CatNap;
			productReference = BA88CD8B2163FECE00200191 /* CatNap.app */;
			productType = "com.apple.product-type.application";
		};
/* End PBXNativeTarget section */

/* Begin PBXProject section */
		BA88CD832163FECD00200191 /* Project object */ = {
			isa = PBXProject;
			attributes = {
				LastSwiftUpdateCheck = 1000;
				LastUpgradeCheck = 1000;
				ORGANIZATIONNAME = "Bret Williams";
				TargetAttributes = {
					BA88CD8A2163FECE00200191 = {
						CreatedOnToolsVersion = 10.0;
					};
				};
			};
			buildConfigurationList = BA88CD862163FECD00200191 /* Build configuration list for PBXProject "CatNap" */;
			compatibilityVersion = "Xcode 9.3";
			developmentRegion = en;
			hasScannedForEncodings = 0;
			knownRegions = (
				en,
				Base,
			);
			mainGroup = BA88CD822163FECD00200191;
			productRefGroup = BA88CD8C2163FECE00200191 /* Products */;
			projectDirPath = "";
			projectRoot = "";
			targets = (
				BA88CD8A2163FECE00200191 /* CatNap */,
			);
		};
/* End PBXProject section */

/* Begin PBXResourcesBuildPhase section */
		BA88CD892163FECE00200191 /* Resources */ = {
			isa = PBXResourcesBuildPhase;
			buildActionMask = 2147483647;
			files = (
				BA88CD9A2163FECE00200191 /* Main.storyboard in Resources */,
				BA88CD912163FECE00200191 /* GameScene.sks in Resources */,
				BA88CDB92164062800200191 /* lose.mp3 in Resources */,
				BA88CD9C2163FECF00200191 /* Assets.xcassets in Resources */,
				BA88CDC121642B7A00200191 /* CatWakeUp.sks in Resources */,
				BA88CDBF21642A4900200191 /* CatCurl.sks in Resources */,
				BA88CDB82164062800200191 /* win.mp3 in Resources */,
				BA88CD9F2163FECF00200191 /* LaunchScreen.storyboard in Resources */,
				BA88CDB62164062800200191 /* mrreow.mp3 in Resources */,
				BA88CDB72164062800200191 /* pop.mp3 in Resources */,
				BA88CDBA2164062800200191 /* backgroundMusic.mp3 in Resources */,
				BA88CD932163FECE00200191 /* Actions.sks in Resources */,
				BA88CDBD2164137A00200191 /* Cat.sks in Resources */,
			);
			runOnlyForDeploymentPostprocessing = 0;
		};
/* End PBXResourcesBuildPhase section */

/* Begin PBXSourcesBuildPhase section */
		BA88CD872163FECE00200191 /* Sources */ = {
			isa = PBXSourcesBuildPhase;
			buildActionMask = 2147483647;
			files = (
				BA88CD952163FECE00200191 /* GameScene.swift in Sources */,
				BA69CF63218634E5002DECA1 /* BedNode.swift in Sources */,
				BA88CD972163FECE00200191 /* GameViewController.swift in Sources */,
				BA88CD8F2163FECE00200191 /* AppDelegate.swift in Sources */,
			);
			runOnlyForDeploymentPostprocessing = 0;
		};
/* End PBXSourcesBuildPhase section */

/* Begin PBXVariantGroup section */
		BA88CD982163FECE00200191 /* Main.storyboard */ = {
			isa = PBXVariantGroup;
			children = (
				BA88CD992163FECE00200191 /* Base */,
			);
			name = Main.storyboard;
			sourceTree = "<group>";
		};
		BA88CD9D2163FECF00200191 /* LaunchScreen.storyboard */ = {
			isa = PBXVariantGroup;
			children = (
				BA88CD9E2163FECF00200191 /* Base */,
			);
			name = LaunchScreen.storyboard;
			sourceTree = "<group>";
		};
/* End PBXVariantGroup section */

/* Begin XCBuildConfiguration section */
		BA88CDA12163FECF00200191 /* Debug */ = {
			isa = XCBuildConfiguration;
			buildSettings = {
				ALWAYS_SEARCH_USER_PATHS = NO;
				CLANG_ANALYZER_NONNULL = YES;
				CLANG_ANALYZER_NUMBER_OBJECT_CONVERSION = YES_AGGRESSIVE;
				CLANG_CXX_LANGUAGE_STANDARD = "gnu++14";
				CLANG_CXX_LIBRARY = "libc++";
				CLANG_ENABLE_MODULES = YES;
				CLANG_ENABLE_OBJC_ARC = YES;
				CLANG_ENABLE_OBJC_WEAK = YES;
				CLANG_WARN_BLOCK_CAPTURE_AUTORELEASING = YES;
				CLANG_WARN_BOOL_CONVERSION = YES;
				CLANG_WARN_COMMA = YES;
				CLANG_WARN_CONSTANT_CONVERSION = YES;
				CLANG_WARN_DEPRECATED_OBJC_IMPLEMENTATIONS = YES;
				CLANG_WARN_DIRECT_OBJC_ISA_USAGE = YES_ERROR;
				CLANG_WARN_DOCUMENTATION_COMMENTS = YES;
				CLANG_WARN_EMPTY_BODY = YES;
				CLANG_WARN_ENUM_CONVERSION = YES;
				CLANG_WARN_INFINITE_RECURSION = YES;
				CLANG_WARN_INT_CONVERSION = YES;
				CLANG_WARN_NON_LITERAL_NULL_CONVERSION = YES;
				CLANG_WARN_OBJC_IMPLICIT_RETAIN_SELF = YES;
				CLANG_WARN_OBJC_LITERAL_CONVERSION = YES;
				CLANG_WARN_OBJC_ROOT_CLASS = YES_ERROR;
				CLANG_WARN_RANGE_LOOP_ANALYSIS = YES;
				CLANG_WARN_STRICT_PROTOTYPES = YES;
				CLANG_WARN_SUSPICIOUS_MOVE = YES;
				CLANG_WARN_UNGUARDED_AVAILABILITY = YES_AGGRESSIVE;
				CLANG_WARN_UNREACHABLE_CODE = YES;
				CLANG_WARN__DUPLICATE_METHOD_MATCH = YES;
				CODE_SIGN_IDENTITY = "iPhone Developer";
				COPY_PHASE_STRIP = NO;
				DEBUG_INFORMATION_FORMAT = dwarf;
				ENABLE_STRICT_OBJC_MSGSEND = YES;
				ENABLE_TESTABILITY = YES;
				GCC_C_LANGUAGE_STANDARD = gnu11;
				GCC_DYNAMIC_NO_PIC = NO;
				GCC_NO_COMMON_BLOCKS = YES;
				GCC_OPTIMIZATION_LEVEL = 0;
				GCC_PREPROCESSOR_DEFINITIONS = (
					"DEBUG=1",
					"$(inherited)",
				);
				GCC_WARN_64_TO_32_BIT_CONVERSION = YES;
				GCC_WARN_ABOUT_RETURN_TYPE = YES_ERROR;
				GCC_WARN_UNDECLARED_SELECTOR = YES;
				GCC_WARN_UNINITIALIZED_AUTOS = YES_AGGRESSIVE;
				GCC_WARN_UNUSED_FUNCTION = YES;
				GCC_WARN_UNUSED_VARIABLE = YES;
				IPHONEOS_DEPLOYMENT_TARGET = 12.0;
				MTL_ENABLE_DEBUG_INFO = INCLUDE_SOURCE;
				MTL_FAST_MATH = YES;
				ONLY_ACTIVE_ARCH = YES;
				SDKROOT = iphoneos;
				SWIFT_ACTIVE_COMPILATION_CONDITIONS = DEBUG;
				SWIFT_OPTIMIZATION_LEVEL = "-Onone";
			};
			name = Debug;
		};
		BA88CDA22163FECF00200191 /* Release */ = {
			isa = XCBuildConfiguration;
			buildSettings = {
				ALWAYS_SEARCH_USER_PATHS = NO;
				CLANG_ANALYZER_NONNULL = YES;
				CLANG_ANALYZER_NUMBER_OBJECT_CONVERSION = YES_AGGRESSIVE;
				CLANG_CXX_LANGUAGE_STANDARD = "gnu++14";
				CLANG_CXX_LIBRARY = "libc++";
				CLANG_ENABLE_MODULES = YES;
				CLANG_ENABLE_OBJC_ARC = YES;
				CLANG_ENABLE_OBJC_WEAK = YES;
				CLANG_WARN_BLOCK_CAPTURE_AUTORELEASING = YES;
				CLANG_WARN_BOOL_CONVERSION = YES;
				CLANG_WARN_COMMA = YES;
				CLANG_WARN_CONSTANT_CONVERSION = YES;
				CLANG_WARN_DEPRECATED_OBJC_IMPLEMENTATIONS = YES;
				CLANG_WARN_DIRECT_OBJC_ISA_USAGE = YES_ERROR;
				CLANG_WARN_DOCUMENTATION_COMMENTS = YES;
				CLANG_WARN_EMPTY_BODY = YES;
				CLANG_WARN_ENUM_CONVERSION = YES;
				CLANG_WARN_INFINITE_RECURSION = YES;
				CLANG_WARN_INT_CONVERSION = YES;
				CLANG_WARN_NON_LITERAL_NULL_CONVERSION = YES;
				CLANG_WARN_OBJC_IMPLICIT_RETAIN_SELF = YES;
				CLANG_WARN_OBJC_LITERAL_CONVERSION = YES;
				CLANG_WARN_OBJC_ROOT_CLASS = YES_ERROR;
				CLANG_WARN_RANGE_LOOP_ANALYSIS = YES;
				CLANG_WARN_STRICT_PROTOTYPES = YES;
				CLANG_WARN_SUSPICIOUS_MOVE = YES;
				CLANG_WARN_UNGUARDED_AVAILABILITY = YES_AGGRESSIVE;
				CLANG_WARN_UNREACHABLE_CODE = YES;
				CLANG_WARN__DUPLICATE_METHOD_MATCH = YES;
				CODE_SIGN_IDENTITY = "iPhone Developer";
				COPY_PHASE_STRIP = NO;
				DEBUG_INFORMATION_FORMAT = "dwarf-with-dsym";
				ENABLE_NS_ASSERTIONS = NO;
				ENABLE_STRICT_OBJC_MSGSEND = YES;
				GCC_C_LANGUAGE_STANDARD = gnu11;
				GCC_NO_COMMON_BLOCKS = YES;
				GCC_WARN_64_TO_32_BIT_CONVERSION = YES;
				GCC_WARN_ABOUT_RETURN_TYPE = YES_ERROR;
				GCC_WARN_UNDECLARED_SELECTOR = YES;
				GCC_WARN_UNINITIALIZED_AUTOS = YES_AGGRESSIVE;
				GCC_WARN_UNUSED_FUNCTION = YES;
				GCC_WARN_UNUSED_VARIABLE = YES;
				IPHONEOS_DEPLOYMENT_TARGET = 12.0;
				MTL_ENABLE_DEBUG_INFO = NO;
				MTL_FAST_MATH = YES;
				SDKROOT = iphoneos;
				SWIFT_COMPILATION_MODE = wholemodule;
				SWIFT_OPTIMIZATION_LEVEL = "-O";
				VALIDATE_PRODUCT = YES;
			};
			name = Release;
		};
		BA88CDA42163FECF00200191 /* Debug */ = {
			isa = XCBuildConfiguration;
			buildSettings = {
				ASSETCATALOG_COMPILER_APPICON_NAME = AppIcon;
				CODE_SIGN_STYLE = Automatic;
				DEVELOPMENT_TEAM = R29T922PDR;
				INFOPLIST_FILE = CatNap/Info.plist;
				LD_RUNPATH_SEARCH_PATHS = (
					"$(inherited)",
					"@executable_path/Frameworks",
				);
				PRODUCT_BUNDLE_IDENTIFIER = Aeschinder.CatNap;
				PRODUCT_NAME = "$(TARGET_NAME)";
				SWIFT_VERSION = 4.2;
				TARGETED_DEVICE_FAMILY = "1,2";
			};
			name = Debug;
		};
		BA88CDA52163FECF00200191 /* Release */ = {
			isa = XCBuildConfiguration;
			buildSettings = {
				ASSETCATALOG_COMPILER_APPICON_NAME = AppIcon;
				CODE_SIGN_STYLE = Automatic;
				DEVELOPMENT_TEAM = R29T922PDR;
				INFOPLIST_FILE = CatNap/Info.plist;
				LD_RUNPATH_SEARCH_PATHS = (
					"$(inherited)",
					"@executable_path/Frameworks",
				);
				PRODUCT_BUNDLE_IDENTIFIER = Aeschinder.CatNap;
				PRODUCT_NAME = "$(TARGET_NAME)";
				SWIFT_VERSION = 4.2;
				TARGETED_DEVICE_FAMILY = "1,2";
			};
			name = Release;
		};
/* End XCBuildConfiguration section */

/* Begin XCConfigurationList section */
		BA88CD862163FECD00200191 /* Build configuration list for PBXProject "CatNap" */ = {
			isa = XCConfigurationList;
			buildConfigurations = (
				BA88CDA12163FECF00200191 /* Debug */,
				BA88CDA22163FECF00200191 /* Release */,
			);
			defaultConfigurationIsVisible = 0;
			defaultConfigurationName = Release;
		};
		BA88CDA32163FECF00200191 /* Build configuration list for PBXNativeTarget "CatNap" */ = {
			isa = XCConfigurationList;
			buildConfigurations = (
				BA88CDA42163FECF00200191 /* Debug */,
				BA88CDA52163FECF00200191 /* Release */,
			);
			defaultConfigurationIsVisible = 0;
			defaultConfigurationName = Release;
		};
/* End XCConfigurationList section */
	};
	rootObject = BA88CD832163FECD00200191 /* Project object */;
}
